
Microsoft Visual Studio Solution File, Format Version 12.00
# Visual Studio Version 17
VisualStudioVersion = 17.5.33530.505
MinimumVisualStudioVersion = 10.0.40219.1
Project("{FAE04EC0-301F-11D3-BF4B-00C04F79EFBC}") = "Chess2", "Chess2\Chess2.csproj", "{0F7D62C1-FCAF-48AE-8647-3073FC38AB77}"
EndProject
Global
	GlobalSection(SolutionConfigurationPlatforms) = preSolution
		Debug|Any CPU = Debug|Any CPU
		Release|Any CPU = Release|Any CPU
	EndGlobalSection
	GlobalSection(ProjectConfigurationPlatforms) = postSolution
		{0F7D62C1-FCAF-48AE-8647-3073FC38AB77}.Debug|Any CPU.ActiveCfg = Debug|Any CPU
		{0F7D62C1-FCAF-48AE-8647-3073FC38AB77}.Debug|Any CPU.Build.0 = Debug|Any CPU
		{0F7D62C1-FCAF-48AE-8647-3073FC38AB77}.Release|Any CPU.ActiveCfg = Release|Any CPU
		{0F7D62C1-FCAF-48AE-8647-3073FC38AB77}.Release|Any CPU.Build.0 = Release|Any CPU
	EndGlobalSection
	GlobalSection(SolutionProperties) = preSolution
		HideSolutionNode = FALSE
	EndGlobalSection
	GlobalSection(ExtensibilityGlobals) = postSolution
		SolutionGuid = {276605F9-3DE4-4EDA-AD55-BF83235887A5}
	EndGlobalSection
EndGlobal
